
Microsoft Visual Studio Solution File, Format Version 12.00
# Visual Studio Version 17
VisualStudioVersion = 17.8.34004.107
MinimumVisualStudioVersion = 10.0.40219.1
Project("{FAE04EC0-301F-11D3-BF4B-00C04F79EFBC}") = "Vaultracks", "Vaultracks\Vaultracks.csproj", "{11E5C3BE-2EBB-4DBA-A9AA-223F20B7CDCA}"
EndProject
Global
	GlobalSection(SolutionConfigurationPlatforms) = preSolution
		Debug|Any CPU = Debug|Any CPU
		Release|Any CPU = Release|Any CPU
	EndGlobalSection
	GlobalSection(ProjectConfigurationPlatforms) = postSolution
		{11E5C3BE-2EBB-4DBA-A9AA-223F20B7CDCA}.Debug|Any CPU.ActiveCfg = Debug|Any CPU
		{11E5C3BE-2EBB-4DBA-A9AA-223F20B7CDCA}.Debug|Any CPU.Build.0 = Debug|Any CPU
		{11E5C3BE-2EBB-4DBA-A9AA-223F20B7CDCA}.Release|Any CPU.ActiveCfg = Release|Any CPU
		{11E5C3BE-2EBB-4DBA-A9AA-223F20B7CDCA}.Release|Any CPU.Build.0 = Release|Any CPU
	EndGlobalSection
	GlobalSection(SolutionProperties) = preSolution
		HideSolutionNode = FALSE
	EndGlobalSection
	GlobalSection(ExtensibilityGlobals) = postSolution
		SolutionGuid = {D91CB40C-96A0-423D-ABED-EBD429BAF421}
	EndGlobalSection
EndGlobal
